
Microsoft Visual Studio Solution File, Format Version 12.00
# Visual Studio 15
VisualStudioVersion = 15.0.27428.2005
MinimumVisualStudioVersion = 10.0.40219.1
Project("{8BC9CEB8-8B4A-11D0-8D11-00A0C91BC942}") = "LBUtility", "LBUtility\LBUtility.vcxproj", "{30E01DDD-EAAB-48ED-9171-E451C1A2EE3A}"
EndProject
Project("{2150E333-8FDC-42A3-9474-1A3956D46DE8}") = "Doc", "Doc", "{1C487B5D-4CED-4AAF-BB96-DBC9B52477FA}"
	ProjectSection(SolutionItems) = preProject
		Doc\Project-Reference.md = Doc\Project-Reference.md
		Doc\Project-Todo.md = Doc\Project-Todo.md
	EndProjectSection
EndProject
Project("{8BC9CEB8-8B4A-11D0-8D11-00A0C91BC942}") = "LBServer", "LBServer\LBServer.vcxproj", "{69D9DDFA-1926-432C-9250-2B0D869E4F33}"
	ProjectSection(ProjectDependencies) = postProject
		{30E01DDD-EAAB-48ED-9171-E451C1A2EE3A} = {30E01DDD-EAAB-48ED-9171-E451C1A2EE3A}
	EndProjectSection
EndProject
Project("{8BC9CEB8-8B4A-11D0-8D11-00A0C91BC942}") = "LBClient", "LBClient\LBClient.vcxproj", "{D1EA27BE-DB6F-47F5-84BE-0EB4122299C3}"
	ProjectSection(ProjectDependencies) = postProject
		{30E01DDD-EAAB-48ED-9171-E451C1A2EE3A} = {30E01DDD-EAAB-48ED-9171-E451C1A2EE3A}
		{69D9DDFA-1926-432C-9250-2B0D869E4F33} = {69D9DDFA-1926-432C-9250-2B0D869E4F33}
	EndProjectSection
EndProject
Project("{8BC9CEB8-8B4A-11D0-8D11-00A0C91BC942}") = "TestServer", "TestServer\TestServer.vcxproj", "{F423E23D-3939-47D5-9910-F68CF018912A}"
	ProjectSection(ProjectDependencies) = postProject
		{D1EA27BE-DB6F-47F5-84BE-0EB4122299C3} = {D1EA27BE-DB6F-47F5-84BE-0EB4122299C3}
		{30E01DDD-EAAB-48ED-9171-E451C1A2EE3A} = {30E01DDD-EAAB-48ED-9171-E451C1A2EE3A}
		{69D9DDFA-1926-432C-9250-2B0D869E4F33} = {69D9DDFA-1926-432C-9250-2B0D869E4F33}
	EndProjectSection
EndProject
Project("{8BC9CEB8-8B4A-11D0-8D11-00A0C91BC942}") = "DHBase", "AppLayer\ProjectDH\DHBase\DHBase.vcxproj", "{318AB3D2-0053-424F-A0BE-802E3900FF98}"
EndProject
Project("{8BC9CEB8-8B4A-11D0-8D11-00A0C91BC942}") = "DHGameSV", "AppLayer\ProjectDH\DHGameSV\DHGameSV.vcxproj", "{40D90E78-A42F-4171-A3C3-5204284A8B78}"
	ProjectSection(ProjectDependencies) = postProject
		{318AB3D2-0053-424F-A0BE-802E3900FF98} = {318AB3D2-0053-424F-A0BE-802E3900FF98}
		{30E01DDD-EAAB-48ED-9171-E451C1A2EE3A} = {30E01DDD-EAAB-48ED-9171-E451C1A2EE3A}
		{69D9DDFA-1926-432C-9250-2B0D869E4F33} = {69D9DDFA-1926-432C-9250-2B0D869E4F33}
	EndProjectSection
EndProject
Global
	GlobalSection(SolutionConfigurationPlatforms) = preSolution
		Debug|x64 = Debug|x64
		Debug|x86 = Debug|x86
		Release|x64 = Release|x64
		Release|x86 = Release|x86
	EndGlobalSection
	GlobalSection(ProjectConfigurationPlatforms) = postSolution
		{30E01DDD-EAAB-48ED-9171-E451C1A2EE3A}.Debug|x64.ActiveCfg = Debug|x64
		{30E01DDD-EAAB-48ED-9171-E451C1A2EE3A}.Debug|x64.Build.0 = Debug|x64
		{30E01DDD-EAAB-48ED-9171-E451C1A2EE3A}.Debug|x86.ActiveCfg = Debug|Win32
		{30E01DDD-EAAB-48ED-9171-E451C1A2EE3A}.Debug|x86.Build.0 = Debug|Win32
		{30E01DDD-EAAB-48ED-9171-E451C1A2EE3A}.Release|x64.ActiveCfg = Release|x64
		{30E01DDD-EAAB-48ED-9171-E451C1A2EE3A}.Release|x64.Build.0 = Release|x64
		{30E01DDD-EAAB-48ED-9171-E451C1A2EE3A}.Release|x86.ActiveCfg = Release|Win32
		{30E01DDD-EAAB-48ED-9171-E451C1A2EE3A}.Release|x86.Build.0 = Release|Win32
		{69D9DDFA-1926-432C-9250-2B0D869E4F33}.Debug|x64.ActiveCfg = Debug|x64
		{69D9DDFA-1926-432C-9250-2B0D869E4F33}.Debug|x64.Build.0 = Debug|x64
		{69D9DDFA-1926-432C-9250-2B0D869E4F33}.Debug|x86.ActiveCfg = Debug|Win32
		{69D9DDFA-1926-432C-9250-2B0D869E4F33}.Debug|x86.Build.0 = Debug|Win32
		{69D9DDFA-1926-432C-9250-2B0D869E4F33}.Release|x64.ActiveCfg = Release|x64
		{69D9DDFA-1926-432C-9250-2B0D869E4F33}.Release|x64.Build.0 = Release|x64
		{69D9DDFA-1926-432C-9250-2B0D869E4F33}.Release|x86.ActiveCfg = Release|Win32
		{69D9DDFA-1926-432C-9250-2B0D869E4F33}.Release|x86.Build.0 = Release|Win32
		{D1EA27BE-DB6F-47F5-84BE-0EB4122299C3}.Debug|x64.ActiveCfg = Debug|x64
		{D1EA27BE-DB6F-47F5-84BE-0EB4122299C3}.Debug|x64.Build.0 = Debug|x64
		{D1EA27BE-DB6F-47F5-84BE-0EB4122299C3}.Debug|x86.ActiveCfg = Debug|Win32
		{D1EA27BE-DB6F-47F5-84BE-0EB4122299C3}.Debug|x86.Build.0 = Debug|Win32
		{D1EA27BE-DB6F-47F5-84BE-0EB4122299C3}.Release|x64.ActiveCfg = Release|x64
		{D1EA27BE-DB6F-47F5-84BE-0EB4122299C3}.Release|x64.Build.0 = Release|x64
		{D1EA27BE-DB6F-47F5-84BE-0EB4122299C3}.Release|x86.ActiveCfg = Release|Win32
		{D1EA27BE-DB6F-47F5-84BE-0EB4122299C3}.Release|x86.Build.0 = Release|Win32
		{F423E23D-3939-47D5-9910-F68CF018912A}.Debug|x64.ActiveCfg = Debug|x64
		{F423E23D-3939-47D5-9910-F68CF018912A}.Debug|x64.Build.0 = Debug|x64
		{F423E23D-3939-47D5-9910-F68CF018912A}.Debug|x86.ActiveCfg = Debug|Win32
		{F423E23D-3939-47D5-9910-F68CF018912A}.Debug|x86.Build.0 = Debug|Win32
		{F423E23D-3939-47D5-9910-F68CF018912A}.Release|x64.ActiveCfg = Release|x64
		{F423E23D-3939-47D5-9910-F68CF018912A}.Release|x64.Build.0 = Release|x64
		{F423E23D-3939-47D5-9910-F68CF018912A}.Release|x86.ActiveCfg = Release|Win32
		{F423E23D-3939-47D5-9910-F68CF018912A}.Release|x86.Build.0 = Release|Win32
		{318AB3D2-0053-424F-A0BE-802E3900FF98}.Debug|x64.ActiveCfg = Debug|x64
		{318AB3D2-0053-424F-A0BE-802E3900FF98}.Debug|x64.Build.0 = Debug|x64
		{318AB3D2-0053-424F-A0BE-802E3900FF98}.Debug|x86.ActiveCfg = Debug|Win32
		{318AB3D2-0053-424F-A0BE-802E3900FF98}.Debug|x86.Build.0 = Debug|Win32
		{318AB3D2-0053-424F-A0BE-802E3900FF98}.Release|x64.ActiveCfg = Release|x64
		{318AB3D2-0053-424F-A0BE-802E3900FF98}.Release|x64.Build.0 = Release|x64
		{318AB3D2-0053-424F-A0BE-802E3900FF98}.Release|x86.ActiveCfg = Release|Win32
		{318AB3D2-0053-424F-A0BE-802E3900FF98}.Release|x86.Build.0 = Release|Win32
		{40D90E78-A42F-4171-A3C3-5204284A8B78}.Debug|x64.ActiveCfg = Debug|x64
		{40D90E78-A42F-4171-A3C3-5204284A8B78}.Debug|x64.Build.0 = Debug|x64
		{40D90E78-A42F-4171-A3C3-5204284A8B78}.Debug|x86.ActiveCfg = Debug|Win32
		{40D90E78-A42F-4171-A3C3-5204284A8B78}.Debug|x86.Build.0 = Debug|Win32
		{40D90E78-A42F-4171-A3C3-5204284A8B78}.Release|x64.ActiveCfg = Release|x64
		{40D90E78-A42F-4171-A3C3-5204284A8B78}.Release|x64.Build.0 = Release|x64
		{40D90E78-A42F-4171-A3C3-5204284A8B78}.Release|x86.ActiveCfg = Release|Win32
		{40D90E78-A42F-4171-A3C3-5204284A8B78}.Release|x86.Build.0 = Release|Win32
	EndGlobalSection
	GlobalSection(SolutionProperties) = preSolution
		HideSolutionNode = FALSE
	EndGlobalSection
	GlobalSection(ExtensibilityGlobals) = postSolution
		SolutionGuid = {2D815737-CC26-4BC0-A511-DFC59CA98FD9}
	EndGlobalSection
EndGlobal
