<?xml version="1.0" encoding="utf-8"?>
<Project ToolsVersion="4.0" xmlns="http://schemas.microsoft.com/developer/msbuild/2003">
  <ItemGroup>
    <Filter Include="Core">
      <UniqueIdentifier>{6062b5c2-65b9-40c6-925a-daa4855cb789}</UniqueIdentifier>
    </Filter>
    <Filter Include="Memory">
      <UniqueIdentifier>{8f29d26b-e3f9-4caf-baee-7f4a6974a903}</UniqueIdentifier>
    </Filter>
  </ItemGroup>
  <ItemGroup>
    <ClInclude Include="Src\Inc\LBServer.h">
      <Filter>Core</Filter>
    </ClInclude>
    <ClInclude Include="Src\Inc\LBFactory.h">
      <Filter>Memory</Filter>
    </ClInclude>
    <ClInclude Include="Src\Inc\LBBoostConfig.h">
      <Filter>Core</Filter>
    </ClInclude>
  </ItemGroup>
  <ItemGroup>
    <ClCompile Include="Src\Cpp\main.cpp" />
    <ClCompile Include="Src\Cpp\LBServer.cpp">
      <Filter>Core</Filter>
    </ClCompile>
  </ItemGroup>
  <ItemGroup>
    <None Include="Src\Inc\LBFactory.Inl">
      <Filter>Memory</Filter>
    </None>
  </ItemGroup>
</Project>