<?xml version="1.0" encoding="utf-8"?>
<Project ToolsVersion="4.0" xmlns="http://schemas.microsoft.com/developer/msbuild/2003">
  <ItemGroup>
    <Filter Include="Core">
      <UniqueIdentifier>{6062b5c2-65b9-40c6-925a-daa4855cb789}</UniqueIdentifier>
    </Filter>
  </ItemGroup>
  <ItemGroup>
    <ClInclude Include="Src\Inl\LBBoostConfig.h">
      <Filter>Core</Filter>
    </ClInclude>
    <ClInclude Include="Src\Inc\LBServer.h">
      <Filter>Core</Filter>
    </ClInclude>
  </ItemGroup>
  <ItemGroup>
    <ClCompile Include="Src\Cpp\main.cpp" />
    <ClCompile Include="Src\Cpp\LBServer.cpp">
      <Filter>Core</Filter>
    </ClCompile>
  </ItemGroup>
</Project>