<?xml version="1.0" encoding="utf-8"?>
<Project ToolsVersion="4.0" xmlns="http://schemas.microsoft.com/developer/msbuild/2003">
  <ItemGroup>
    <Filter Include="Core">
      <UniqueIdentifier>{6062b5c2-65b9-40c6-925a-daa4855cb789}</UniqueIdentifier>
    </Filter>
    <Filter Include="Memory">
      <UniqueIdentifier>{8f29d26b-e3f9-4caf-baee-7f4a6974a903}</UniqueIdentifier>
    </Filter>
    <Filter Include="Network">
      <UniqueIdentifier>{3cf98dac-7698-4420-8e0e-48d8e8abf1ac}</UniqueIdentifier>
    </Filter>
    <Filter Include="Network\Socket">
      <UniqueIdentifier>{9bb8621d-b467-4736-a795-3ffacf2affda}</UniqueIdentifier>
    </Filter>
    <Filter Include="Network\Session">
      <UniqueIdentifier>{8d32bace-8bbf-4f37-820f-e274744a1c63}</UniqueIdentifier>
    </Filter>
    <Filter Include="Network\Handler">
      <UniqueIdentifier>{73b17993-1fbe-4d21-a0c2-fa1861b83e0d}</UniqueIdentifier>
    </Filter>
    <Filter Include="Network\Object">
      <UniqueIdentifier>{dc3cd230-3bf8-4e37-81a7-e0129f28403d}</UniqueIdentifier>
    </Filter>
    <Filter Include="Network\Server">
      <UniqueIdentifier>{f57c1fdc-92ef-46a4-8247-adc8ac138f5e}</UniqueIdentifier>
    </Filter>
    <Filter Include="Network\Shard">
      <UniqueIdentifier>{e9cf8082-2842-4958-98df-4ade2369275c}</UniqueIdentifier>
    </Filter>
    <Filter Include="Test">
      <UniqueIdentifier>{82563865-00d3-45f7-98c7-583c2c7d7567}</UniqueIdentifier>
    </Filter>
    <Filter Include="Timer">
      <UniqueIdentifier>{ba3ef4ff-27f2-467c-87ae-94261900dcbc}</UniqueIdentifier>
    </Filter>
    <Filter Include="Network\Socket\Acceptor">
      <UniqueIdentifier>{10b36e78-5489-44b2-86a9-1f0f4dc605ec}</UniqueIdentifier>
    </Filter>
    <Filter Include="Memory\Send">
      <UniqueIdentifier>{378cae39-555f-4a80-8364-1b71bf9bdd05}</UniqueIdentifier>
    </Filter>
  </ItemGroup>
  <ItemGroup>
    <ClInclude Include="Src\Inc\LBServer.h">
      <Filter>Core</Filter>
    </ClInclude>
    <ClInclude Include="Src\Inc\LBFactory.h">
      <Filter>Memory</Filter>
    </ClInclude>
    <ClInclude Include="Src\Inc\LBBoostConfig.h">
      <Filter>Core</Filter>
    </ClInclude>
    <ClInclude Include="Src\Inc\LBSocket.h">
      <Filter>Network\Socket</Filter>
    </ClInclude>
    <ClInclude Include="Src\Inc\LBIOContext.h">
      <Filter>Network</Filter>
    </ClInclude>
    <ClInclude Include="Src\Inc\LBSession.h">
      <Filter>Network\Session</Filter>
    </ClInclude>
    <ClInclude Include="Src\Inc\LBAcceptor.h">
      <Filter>Network\Socket\Acceptor</Filter>
    </ClInclude>
    <ClInclude Include="Src\Inc\LBHandler.h">
      <Filter>Network\Handler</Filter>
    </ClInclude>
    <ClInclude Include="Src\Inc\LBGameObject.h">
      <Filter>Network\Object</Filter>
    </ClInclude>
    <ClInclude Include="Src\Inc\LBFactory.Inl">
      <Filter>Memory</Filter>
    </ClInclude>
    <ClInclude Include="Src\Inc\LBSession.Inl">
      <Filter>Network\Session</Filter>
    </ClInclude>
    <ClInclude Include="Src\Inc\LBIOContext.Inl">
      <Filter>Network</Filter>
    </ClInclude>
    <ClInclude Include="Src\Inc\LBShard.h">
      <Filter>Network\Shard</Filter>
    </ClInclude>
    <ClInclude Include="Src\Inc\LBManagedObject.h">
      <Filter>Network\Object</Filter>
    </ClInclude>
    <ClInclude Include="Src\Inc\LBGameServer.h">
      <Filter>Network\Server</Filter>
    </ClInclude>
    <ClInclude Include="Src\Inc\LBShard.Inl">
      <Filter>Network\Shard</Filter>
    </ClInclude>
    <ClInclude Include="Src\Inc\LBGameServer.Inl">
      <Filter>Network\Server</Filter>
    </ClInclude>
    <ClInclude Include="Src\Inc\CTestServer.h">
      <Filter>Test</Filter>
    </ClInclude>
    <ClInclude Include="Src\Inc\LBShardObject.h">
      <Filter>Network\Shard</Filter>
    </ClInclude>
    <ClInclude Include="Src\Inc\LBSessionManager.h">
      <Filter>Network\Session</Filter>
    </ClInclude>
    <ClInclude Include="Src\Inc\LBSessionManager.Inl">
      <Filter>Network\Session</Filter>
    </ClInclude>
    <ClInclude Include="Src\Inc\LBTimer.h">
      <Filter>Timer</Filter>
    </ClInclude>
    <ClInclude Include="Src\Inc\LBSender.h">
      <Filter>Memory\Send</Filter>
    </ClInclude>
    <ClInclude Include="Src\Inc\LBSender.Inl">
      <Filter>Memory\Send</Filter>
    </ClInclude>
    <ClInclude Include="Src\Inc\LBSendPool.h">
      <Filter>Memory\Send</Filter>
    </ClInclude>
  </ItemGroup>
  <ItemGroup>
    <ClCompile Include="Src\Cpp\main.cpp" />
    <ClCompile Include="Src\Cpp\LBServer.cpp">
      <Filter>Core</Filter>
    </ClCompile>
    <ClCompile Include="Src\Cpp\LBIOContext.cpp">
      <Filter>Network</Filter>
    </ClCompile>
    <ClCompile Include="Src\Cpp\LBSocket.cpp">
      <Filter>Network\Socket</Filter>
    </ClCompile>
    <ClCompile Include="Src\Cpp\LBAcceptor.cpp">
      <Filter>Network\Socket\Acceptor</Filter>
    </ClCompile>
    <ClCompile Include="Src\Cpp\LBSession.cpp">
      <Filter>Network\Session</Filter>
    </ClCompile>
    <ClCompile Include="Src\Cpp\LBHandler.cpp">
      <Filter>Network\Handler</Filter>
    </ClCompile>
    <ClCompile Include="Src\Cpp\LBGameObject.cpp">
      <Filter>Network\Object</Filter>
    </ClCompile>
    <ClCompile Include="Src\Cpp\LBFactory.cpp">
      <Filter>Memory</Filter>
    </ClCompile>
    <ClCompile Include="Src\Cpp\LBManagedObject.cpp">
      <Filter>Network\Object</Filter>
    </ClCompile>
    <ClCompile Include="Src\Cpp\CTestServer.cpp">
      <Filter>Test</Filter>
    </ClCompile>
    <ClCompile Include="Src\Cpp\LBSessionManager.cpp">
      <Filter>Network\Session</Filter>
    </ClCompile>
    <ClCompile Include="Src\Cpp\LBTimer.cpp">
      <Filter>Timer</Filter>
    </ClCompile>
    <ClCompile Include="Src\Cpp\LBSender.cpp">
      <Filter>Memory\Send</Filter>
    </ClCompile>
    <ClCompile Include="Src\Cpp\LBSendPool.cpp">
      <Filter>Memory\Send</Filter>
    </ClCompile>
  </ItemGroup>
  <ItemGroup>
    <None Include="Src\Inc\LBSocket.Inl">
      <Filter>Network\Socket</Filter>
    </None>
    <None Include="Src\Inc\LBAcceptor.Inl">
      <Filter>Network\Socket\Acceptor</Filter>
    </None>
    <None Include="Src\Inc\LBManagedObject.Inl">
      <Filter>Network\Object</Filter>
    </None>
    <None Include="Src\Inc\LBTimer.Inl">
      <Filter>Timer</Filter>
    </None>
  </ItemGroup>
</Project>